
Microsoft Visual Studio Solution File, Format Version 12.00
Project("{FAE04EC0-301F-11D3-BF4B-00C04F79EFBC}") = "SptItemCreator", "SptItemCreator\SptItemCreator.csproj", "{BF156ECA-F6F8-43C3-ACA7-EE3213727AD8}"
EndProject
Global
	GlobalSection(SolutionConfigurationPlatforms) = preSolution
		Debug|Any CPU = Debug|Any CPU
		Release|Any CPU = Release|Any CPU
	EndGlobalSection
	GlobalSection(ProjectConfigurationPlatforms) = postSolution
		{BF156ECA-F6F8-43C3-ACA7-EE3213727AD8}.Debug|Any CPU.ActiveCfg = Debug|Any CPU
		{BF156ECA-F6F8-43C3-ACA7-EE3213727AD8}.Debug|Any CPU.Build.0 = Debug|Any CPU
		{BF156ECA-F6F8-43C3-ACA7-EE3213727AD8}.Release|Any CPU.ActiveCfg = Release|Any CPU
		{BF156ECA-F6F8-43C3-ACA7-EE3213727AD8}.Release|Any CPU.Build.0 = Release|Any CPU
	EndGlobalSection
EndGlobal
